# THIS IS AN AUTOGENERATED FILE. DO NOT EDIT THIS FILE DIRECTLY.
# yarn lockfile v1


create-next-app@^14.2.4:
  version "14.2.4"
  resolved "https://registry.yarnpkg.com/create-next-app/-/create-next-app-14.2.4.tgz#49cbe6fba8d9f09ad732f2dab5ba2198039cdbf3"
  integrity sha512-VE7jHFQnwRnvePXB/BsFkhrNsK01GUpfgphQuZz5eHKxaBEMp5mJEFl++VH+slVRf6WGIrVzqWLXkEsD6m1bIQ==
